
Microsoft Visual Studio Solution File, Format Version 12.00
# Visual Studio Version 16
VisualStudioVersion = 16.0.30907.101
MinimumVisualStudioVersion = 10.0.40219.1
Project("{FAE04EC0-301F-11D3-BF4B-00C04F79EFBC}") = "63-MATEMATİK MENÜSÜ", "63-MATEMATİK MENÜSÜ\63-MATEMATİK MENÜSÜ.csproj", "{91C83DA8-97FC-4C28-BBD2-DE3A689CA566}"
EndProject
Global
	GlobalSection(SolutionConfigurationPlatforms) = preSolution
		Debug|Any CPU = Debug|Any CPU
		Release|Any CPU = Release|Any CPU
	EndGlobalSection
	GlobalSection(ProjectConfigurationPlatforms) = postSolution
		{91C83DA8-97FC-4C28-BBD2-DE3A689CA566}.Debug|Any CPU.ActiveCfg = Debug|Any CPU
		{91C83DA8-97FC-4C28-BBD2-DE3A689CA566}.Debug|Any CPU.Build.0 = Debug|Any CPU
		{91C83DA8-97FC-4C28-BBD2-DE3A689CA566}.Release|Any CPU.ActiveCfg = Release|Any CPU
		{91C83DA8-97FC-4C28-BBD2-DE3A689CA566}.Release|Any CPU.Build.0 = Release|Any CPU
	EndGlobalSection
	GlobalSection(SolutionProperties) = preSolution
		HideSolutionNode = FALSE
	EndGlobalSection
	GlobalSection(ExtensibilityGlobals) = postSolution
		SolutionGuid = {F59778F6-80FB-47E8-A382-F4C44181CF1F}
	EndGlobalSection
EndGlobal
